// !$*UTF8*$!
{
	archiveVersion = 1;
	classes = {
	};
	objectVersion = 56;
	objects = {

/* Begin PBXBuildFile section */
		0EF41573D2BE171F5F243C6E /* SamplePixelArt.swift in Sources */ = {isa = PBXBuildFile; fileRef = 6B1A5E1B0854AF215211339D /* SamplePixelArt.swift */; };
		1AE45C5E11344BA8AA82E26A /* CreatorColorPaletteView.swift in Sources */ = {isa = PBXBuildFile; fileRef = 28B2B41D53C04BFE885672B4 /* CreatorColorPaletteView.swift */; };
		3CC20BD5105DEA77121F6E47 /* PowerManager.swift in Sources */ = {isa = PBXBuildFile; fileRef = B74F124BE8EC0E5B5F59DB98 /* PowerManager.swift */; };
		3ED5F204E8A29B5887C48242 /* AsepriteManager.swift in Sources */ = {isa = PBXBuildFile; fileRef = 1DA64E6F624FEFB0EFA5E6DE /* AsepriteManager.swift */; };
		3FB83995683F4D45AE78E034 /* CreatorToolbarView.swift in Sources */ = {isa = PBXBuildFile; fileRef = 37F1792AA87F47AFB4A44588 /* CreatorToolbarView.swift */; };
		48ADB35DF48DC901EE54EFD2 /* FilterPackManager.swift in Sources */ = {isa = PBXBuildFile; fileRef = D1B73E0937DD5196974A90D3 /* FilterPackManager.swift */; };
		548BAF5BD37F4B8D8AD485FC /* BeforeAfterImageGenerator.swift in Sources */ = {isa = PBXBuildFile; fileRef = 176A1C934F7C47258BF99D4C /* BeforeAfterImageGenerator.swift */; };
		587D176A2F1FB4DF006DED5B /* Localizable.xcstrings in Resources */ = {isa = PBXBuildFile; fileRef = 587D17692F1FB4DF006DED5B /* Localizable.xcstrings */; };
		58AA25312ED4A3CD00E8766A /* Assets.xcassets in Resources */ = {isa = PBXBuildFile; fileRef = 58AA25302ED4A3CD00E8766A /* Assets.xcassets */; };
		58C863B22F53677100B3995A /* DrawingTool.swift in Sources */ = {isa = PBXBuildFile; fileRef = 58C863AD2F53677100B3995A /* DrawingTool.swift */; };
		58C863B32F53677100B3995A /* LospecPalette.swift in Sources */ = {isa = PBXBuildFile; fileRef = 58C863AE2F53677100B3995A /* LospecPalette.swift */; };
		58C863B42F53677100B3995A /* AnimationFrame.swift in Sources */ = {isa = PBXBuildFile; fileRef = 58C863AC2F53677100B3995A /* AnimationFrame.swift */; };
		58C863B52F53677100B3995A /* SNSSizePreset.swift in Sources */ = {isa = PBXBuildFile; fileRef = 58C863B02F53677100B3995A /* SNSSizePreset.swift */; };
		58C863B62F53677100B3995A /* PixelCanvas.swift in Sources */ = {isa = PBXBuildFile; fileRef = 58C863AF2F53677100B3995A /* PixelCanvas.swift */; };
		58C863BA2F53678500B3995A /* PixelEditorViewModel.swift in Sources */ = {isa = PBXBuildFile; fileRef = 58C863B82F53678500B3995A /* PixelEditorViewModel.swift */; };
		58C863BB2F53678500B3995A /* CreatorViewModel.swift in Sources */ = {isa = PBXBuildFile; fileRef = 58C863B72F53678500B3995A /* CreatorViewModel.swift */; };
		58C863BF2F53679200B3995A /* PixelEditorView.swift in Sources */ = {isa = PBXBuildFile; fileRef = 58C863BD2F53679200B3995A /* PixelEditorView.swift */; };
		58C863C02F53679200B3995A /* PixelCanvasView.swift in Sources */ = {isa = PBXBuildFile; fileRef = 58C863BC2F53679200B3995A /* PixelCanvasView.swift */; };
		58D0123D2A28147A00668585 /* PixelMeApp.swift in Sources */ = {isa = PBXBuildFile; fileRef = 58D0123C2A28147A00668585 /* PixelMeApp.swift */; };
		58D012442A28147D00668585 /* Preview Assets.xcassets in Resources */ = {isa = PBXBuildFile; fileRef = 58D012432A28147D00668585 /* Preview Assets.xcassets */; };
		58D012672A2814F900668585 /* CreatorContentView.swift in Sources */ = {isa = PBXBuildFile; fileRef = 58D012662A2814F900668585 /* CreatorContentView.swift */; };
		58D012692A28152400668585 /* DataManager.swift in Sources */ = {isa = PBXBuildFile; fileRef = 58D012682A28152400668585 /* DataManager.swift */; };
		58D0126B2A28156700668585 /* String+Extension.swift in Sources */ = {isa = PBXBuildFile; fileRef = 58D0126A2A28156700668585 /* String+Extension.swift */; };
		58D0126D2A2815B700668585 /* AppConfig.swift in Sources */ = {isa = PBXBuildFile; fileRef = 58D0126C2A2815B700668585 /* AppConfig.swift */; };
		58D0126F2A2818AD00668585 /* UIImage+Extension.swift in Sources */ = {isa = PBXBuildFile; fileRef = 58D0126E2A2818AD00668585 /* UIImage+Extension.swift */; };
		58D012712A28190D00668585 /* PixelatedImage.swift in Sources */ = {isa = PBXBuildFile; fileRef = 58D012702A28190C00668585 /* PixelatedImage.swift */; };
		58D012732A281E9D00668585 /* View+Extension.swift in Sources */ = {isa = PBXBuildFile; fileRef = 58D012722A281E9C00668585 /* View+Extension.swift */; };
		58D012752A281F1F00668585 /* Binding+Extension.swift in Sources */ = {isa = PBXBuildFile; fileRef = 58D012742A281F1F00668585 /* Binding+Extension.swift */; };
		58D576232A4E640C006277FB /* PixelatedPhotoView.swift in Sources */ = {isa = PBXBuildFile; fileRef = 58D576222A4E640B006277FB /* PixelatedPhotoView.swift */; };
		58D576252A4E6445006277FB /* PhotoPicker.swift in Sources */ = {isa = PBXBuildFile; fileRef = 58D576242A4E6445006277FB /* PhotoPicker.swift */; };
		70855EC9C6D9447B225F6165 /* FilterPack.swift in Sources */ = {isa = PBXBuildFile; fileRef = 2A247E7AD4AC46B4FAA94A81 /* FilterPack.swift */; };
		7F0A5E20B709D0D5974C40AD /* CanvasResizeView.swift in Sources */ = {isa = PBXBuildFile; fileRef = DFA0C4A27A8652240E7608FA /* CanvasResizeView.swift */; };
		96C35DA1EBF1E1E51BA8D68F /* OnboardingView.swift in Sources */ = {isa = PBXBuildFile; fileRef = EDCA211452AA0422EF2CC210 /* OnboardingView.swift */; };
		9EA1EEC5BB0157F22775CAD2 /* FilterPackStoreView.swift in Sources */ = {isa = PBXBuildFile; fileRef = 2130E7395FEF5E5B665F631F /* FilterPackStoreView.swift */; };
		A277CDE5DEDD406AAB63F5AF /* ProfilePixelateView.swift in Sources */ = {isa = PBXBuildFile; fileRef = 6FEC30B34B20424EB48A41B0 /* ProfilePixelateView.swift */; };
		A5157CC9E17941C4AA35C002 /* CreatorViewModel.swift in Sources */ = {isa = PBXBuildFile; fileRef = 84517E9BEB3A4885A65B56E7 /* CreatorViewModel.swift */; };
		AA0001022A4E640C006277FB /* SNSSizePreset.swift in Sources */ = {isa = PBXBuildFile; fileRef = AA0001012A4E640C006277FB /* SNSSizePreset.swift */; };
		AA0001042A4E640C006277FB /* SNSShareView.swift in Sources */ = {isa = PBXBuildFile; fileRef = AA0001032A4E640C006277FB /* SNSShareView.swift */; };
		AA0001062A4E640C006277FB /* FreeUsageManager.swift in Sources */ = {isa = PBXBuildFile; fileRef = AA0001052A4E640C006277FB /* FreeUsageManager.swift */; };
		AA1B2C3D4E5F6A7B8C9D0E1F /* SubscriptionManager.swift in Sources */ = {isa = PBXBuildFile; fileRef = CC1B2C3D4E5F6A7B8C9D0E1F /* SubscriptionManager.swift */; };
		AA2B2C3D4E5F6A7B8C9D0E2F /* FeatureGating.swift in Sources */ = {isa = PBXBuildFile; fileRef = CC2B2C3D4E5F6A7B8C9D0E2F /* FeatureGating.swift */; };
		AA3B2C3D4E5F6A7B8C9D0E3F /* PreviewWallView.swift in Sources */ = {isa = PBXBuildFile; fileRef = CC3B2C3D4E5F6A7B8C9D0E3F /* PreviewWallView.swift */; };
		AA4B2C3D4E5F6A7B8C9D0E4F /* ExportPaywallView.swift in Sources */ = {isa = PBXBuildFile; fileRef = CC4B2C3D4E5F6A7B8C9D0E4F /* ExportPaywallView.swift */; };
		CE68B4F96E976C24A2733ED7 /* ReviewManager.swift in Sources */ = {isa = PBXBuildFile; fileRef = 559C34DD83D4AC4A983ABFCB /* ReviewManager.swift */; };
		D5DC5993800BE71085C85ED0 /* PurchaseManager.swift in Sources */ = {isa = PBXBuildFile; fileRef = DEADBC8DCC39630042622DB6 /* PurchaseManager.swift */; };
		D745E85BC8AA38EF45722774 /* BeforeAfterVideoGenerator.swift in Sources */ = {isa = PBXBuildFile; fileRef = D215E58C31CE4A05963417C1 /* BeforeAfterVideoGenerator.swift */; };
		EDFD175EFA6D6EEDF11353E2 /* PaywallView.swift in Sources */ = {isa = PBXBuildFile; fileRef = 03FB1CCBC584BDFCB73208F2 /* PaywallView.swift */; };
		F2C018810D9C4060D13D757B /* AdvancedColorPickerView.swift in Sources */ = {isa = PBXBuildFile; fileRef = 0E0D9FAF714681039F7718D1 /* AdvancedColorPickerView.swift */; };
		FF776C1D23B5933CF50A4A99 /* AnimationTimelineView.swift in Sources */ = {isa = PBXBuildFile; fileRef = 175A61BA48040EB899027EFA /* AnimationTimelineView.swift */; };
/* End PBXBuildFile section */

/* Begin PBXFileReference section */
		03FB1CCBC584BDFCB73208F2 /* PaywallView.swift */ = {isa = PBXFileReference; lastKnownFileType = sourcecode.swift; path = PaywallView.swift; sourceTree = "<group>"; };
		0E0D9FAF714681039F7718D1 /* AdvancedColorPickerView.swift */ = {isa = PBXFileReference; includeInIndex = 1; lastKnownFileType = sourcecode.swift; path = AdvancedColorPickerView.swift; sourceTree = "<group>"; };
		175A61BA48040EB899027EFA /* AnimationTimelineView.swift */ = {isa = PBXFileReference; includeInIndex = 1; lastKnownFileType = sourcecode.swift; path = AnimationTimelineView.swift; sourceTree = "<group>"; };
		176A1C934F7C47258BF99D4C /* BeforeAfterImageGenerator.swift */ = {isa = PBXFileReference; lastKnownFileType = sourcecode.swift; path = BeforeAfterImageGenerator.swift; sourceTree = "<group>"; };
		1DA64E6F624FEFB0EFA5E6DE /* AsepriteManager.swift */ = {isa = PBXFileReference; includeInIndex = 1; lastKnownFileType = sourcecode.swift; path = AsepriteManager.swift; sourceTree = "<group>"; };
		2130E7395FEF5E5B665F631F /* FilterPackStoreView.swift */ = {isa = PBXFileReference; includeInIndex = 1; lastKnownFileType = sourcecode.swift; path = FilterPackStoreView.swift; sourceTree = "<group>"; };
		28B2B41D53C04BFE885672B4 /* CreatorColorPaletteView.swift */ = {isa = PBXFileReference; lastKnownFileType = sourcecode.swift; name = CreatorColorPaletteView.swift; path = Views/CreatorSubviews/CreatorColorPaletteView.swift; sourceTree = "<group>"; };
		2A247E7AD4AC46B4FAA94A81 /* FilterPack.swift */ = {isa = PBXFileReference; includeInIndex = 1; lastKnownFileType = sourcecode.swift; path = FilterPack.swift; sourceTree = "<group>"; };
		37F1792AA87F47AFB4A44588 /* CreatorToolbarView.swift */ = {isa = PBXFileReference; lastKnownFileType = sourcecode.swift; name = CreatorToolbarView.swift; path = Views/CreatorSubviews/CreatorToolbarView.swift; sourceTree = "<group>"; };
		559C34DD83D4AC4A983ABFCB /* ReviewManager.swift */ = {isa = PBXFileReference; includeInIndex = 1; lastKnownFileType = sourcecode.swift; path = ReviewManager.swift; sourceTree = "<group>"; };
		587D17692F1FB4DF006DED5B /* Localizable.xcstrings */ = {isa = PBXFileReference; lastKnownFileType = text.json.xcstrings; path = Localizable.xcstrings; sourceTree = "<group>"; };
		58AA25302ED4A3CD00E8766A /* Assets.xcassets */ = {isa = PBXFileReference; lastKnownFileType = folder.assetcatalog; path = Assets.xcassets; sourceTree = "<group>"; };
		58C863AC2F53677100B3995A /* AnimationFrame.swift */ = {isa = PBXFileReference; lastKnownFileType = sourcecode.swift; path = AnimationFrame.swift; sourceTree = "<group>"; };
		58C863AD2F53677100B3995A /* DrawingTool.swift */ = {isa = PBXFileReference; lastKnownFileType = sourcecode.swift; path = DrawingTool.swift; sourceTree = "<group>"; };
		58C863AE2F53677100B3995A /* LospecPalette.swift */ = {isa = PBXFileReference; lastKnownFileType = sourcecode.swift; path = LospecPalette.swift; sourceTree = "<group>"; };
		58C863AF2F53677100B3995A /* PixelCanvas.swift */ = {isa = PBXFileReference; lastKnownFileType = sourcecode.swift; path = PixelCanvas.swift; sourceTree = "<group>"; };
		58C863B02F53677100B3995A /* SNSSizePreset.swift */ = {isa = PBXFileReference; lastKnownFileType = sourcecode.swift; path = SNSSizePreset.swift; sourceTree = "<group>"; };
		58C863B72F53678500B3995A /* CreatorViewModel.swift */ = {isa = PBXFileReference; lastKnownFileType = sourcecode.swift; path = CreatorViewModel.swift; sourceTree = "<group>"; };
		58C863B82F53678500B3995A /* PixelEditorViewModel.swift */ = {isa = PBXFileReference; lastKnownFileType = sourcecode.swift; path = PixelEditorViewModel.swift; sourceTree = "<group>"; };
		58C863BC2F53679200B3995A /* PixelCanvasView.swift */ = {isa = PBXFileReference; lastKnownFileType = sourcecode.swift; path = PixelCanvasView.swift; sourceTree = "<group>"; };
		58C863BD2F53679200B3995A /* PixelEditorView.swift */ = {isa = PBXFileReference; lastKnownFileType = sourcecode.swift; path = PixelEditorView.swift; sourceTree = "<group>"; };
		58D012392A28147A00668585 /* PixelMe.app */ = {isa = PBXFileReference; explicitFileType = wrapper.application; includeInIndex = 0; path = PixelMe.app; sourceTree = BUILT_PRODUCTS_DIR; };
		58D0123C2A28147A00668585 /* PixelMeApp.swift */ = {isa = PBXFileReference; lastKnownFileType = sourcecode.swift; path = PixelMeApp.swift; sourceTree = "<group>"; };
		58D012432A28147D00668585 /* Preview Assets.xcassets */ = {isa = PBXFileReference; lastKnownFileType = folder.assetcatalog; path = "Preview Assets.xcassets"; sourceTree = "<group>"; };
		58D012662A2814F900668585 /* CreatorContentView.swift */ = {isa = PBXFileReference; lastKnownFileType = sourcecode.swift; path = CreatorContentView.swift; sourceTree = "<group>"; };
		58D012682A28152400668585 /* DataManager.swift */ = {isa = PBXFileReference; lastKnownFileType = sourcecode.swift; path = DataManager.swift; sourceTree = "<group>"; };
		58D0126A2A28156700668585 /* String+Extension.swift */ = {isa = PBXFileReference; lastKnownFileType = sourcecode.swift; path = "String+Extension.swift"; sourceTree = "<group>"; };
		58D0126C2A2815B700668585 /* AppConfig.swift */ = {isa = PBXFileReference; lastKnownFileType = sourcecode.swift; path = AppConfig.swift; sourceTree = "<group>"; };
		58D0126E2A2818AD00668585 /* UIImage+Extension.swift */ = {isa = PBXFileReference; lastKnownFileType = sourcecode.swift; path = "UIImage+Extension.swift"; sourceTree = "<group>"; };
		58D012702A28190C00668585 /* PixelatedImage.swift */ = {isa = PBXFileReference; lastKnownFileType = sourcecode.swift; path = PixelatedImage.swift; sourceTree = "<group>"; };
		58D012722A281E9C00668585 /* View+Extension.swift */ = {isa = PBXFileReference; lastKnownFileType = sourcecode.swift; path = "View+Extension.swift"; sourceTree = "<group>"; };
		58D012742A281F1F00668585 /* Binding+Extension.swift */ = {isa = PBXFileReference; lastKnownFileType = sourcecode.swift; path = "Binding+Extension.swift"; sourceTree = "<group>"; };
		58D576222A4E640B006277FB /* PixelatedPhotoView.swift */ = {isa = PBXFileReference; lastKnownFileType = sourcecode.swift; path = PixelatedPhotoView.swift; sourceTree = "<group>"; };
		58D576242A4E6445006277FB /* PhotoPicker.swift */ = {isa = PBXFileReference; lastKnownFileType = sourcecode.swift; path = PhotoPicker.swift; sourceTree = "<group>"; };
		6B1A5E1B0854AF215211339D /* SamplePixelArt.swift */ = {isa = PBXFileReference; lastKnownFileType = sourcecode.swift; path = SamplePixelArt.swift; sourceTree = "<group>"; };
		6FEC30B34B20424EB48A41B0 /* ProfilePixelateView.swift */ = {isa = PBXFileReference; lastKnownFileType = sourcecode.swift; path = ProfilePixelateView.swift; sourceTree = "<group>"; };
		84517E9BEB3A4885A65B56E7 /* CreatorViewModel.swift */ = {isa = PBXFileReference; lastKnownFileType = sourcecode.swift; name = CreatorViewModel.swift; path = ViewModels/CreatorViewModel.swift; sourceTree = "<group>"; };
		AA0001012A4E640C006277FB /* SNSSizePreset.swift */ = {isa = PBXFileReference; lastKnownFileType = sourcecode.swift; name = SNSSizePreset.swift; path = Models/SNSSizePreset.swift; sourceTree = "<group>"; };
		AA0001032A4E640C006277FB /* SNSShareView.swift */ = {isa = PBXFileReference; lastKnownFileType = sourcecode.swift; name = SNSShareView.swift; path = Views/SNSShareView.swift; sourceTree = "<group>"; };
		AA0001052A4E640C006277FB /* FreeUsageManager.swift */ = {isa = PBXFileReference; lastKnownFileType = sourcecode.swift; name = FreeUsageManager.swift; path = Manager/FreeUsageManager.swift; sourceTree = "<group>"; };
		B74F124BE8EC0E5B5F59DB98 /* PowerManager.swift */ = {isa = PBXFileReference; includeInIndex = 1; lastKnownFileType = sourcecode.swift; path = PowerManager.swift; sourceTree = "<group>"; };
		CC1B2C3D4E5F6A7B8C9D0E1F /* SubscriptionManager.swift */ = {isa = PBXFileReference; lastKnownFileType = sourcecode.swift; path = SubscriptionManager.swift; sourceTree = "<group>"; };
		CC2B2C3D4E5F6A7B8C9D0E2F /* FeatureGating.swift */ = {isa = PBXFileReference; lastKnownFileType = sourcecode.swift; path = FeatureGating.swift; sourceTree = "<group>"; };
		CC3B2C3D4E5F6A7B8C9D0E3F /* PreviewWallView.swift */ = {isa = PBXFileReference; lastKnownFileType = sourcecode.swift; path = PreviewWallView.swift; sourceTree = "<group>"; };
		CC4B2C3D4E5F6A7B8C9D0E4F /* ExportPaywallView.swift */ = {isa = PBXFileReference; lastKnownFileType = sourcecode.swift; path = ExportPaywallView.swift; sourceTree = "<group>"; };
		D1B73E0937DD5196974A90D3 /* FilterPackManager.swift */ = {isa = PBXFileReference; includeInIndex = 1; lastKnownFileType = sourcecode.swift; path = FilterPackManager.swift; sourceTree = "<group>"; };
		D215E58C31CE4A05963417C1 /* BeforeAfterVideoGenerator.swift */ = {isa = PBXFileReference; includeInIndex = 1; lastKnownFileType = sourcecode.swift; path = BeforeAfterVideoGenerator.swift; sourceTree = "<group>"; };
		DEADBC8DCC39630042622DB6 /* PurchaseManager.swift */ = {isa = PBXFileReference; lastKnownFileType = sourcecode.swift; path = PurchaseManager.swift; sourceTree = "<group>"; };
		DFA0C4A27A8652240E7608FA /* CanvasResizeView.swift */ = {isa = PBXFileReference; includeInIndex = 1; lastKnownFileType = sourcecode.swift; path = CanvasResizeView.swift; sourceTree = "<group>"; };
		EDCA211452AA0422EF2CC210 /* OnboardingView.swift */ = {isa = PBXFileReference; lastKnownFileType = sourcecode.swift; path = OnboardingView.swift; sourceTree = "<group>"; };
/* End PBXFileReference section */

/* Begin PBXFrameworksBuildPhase section */
		58D012362A28147A00668585 /* Frameworks */ = {
			isa = PBXFrameworksBuildPhase;
			buildActionMask = 2147483647;
			files = (
			);
			runOnlyForDeploymentPostprocessing = 0;
		};
/* End PBXFrameworksBuildPhase section */

/* Begin PBXGroup section */
		58C863B12F53677100B3995A /* Models */ = {
			isa = PBXGroup;
			children = (
				58C863AC2F53677100B3995A /* AnimationFrame.swift */,
				58C863AD2F53677100B3995A /* DrawingTool.swift */,
				58C863AE2F53677100B3995A /* LospecPalette.swift */,
				58C863AF2F53677100B3995A /* PixelCanvas.swift */,
				58C863B02F53677100B3995A /* SNSSizePreset.swift */,
				2A247E7AD4AC46B4FAA94A81 /* FilterPack.swift */,
			);
			path = Models;
			sourceTree = "<group>";
		};
		58C863B92F53678500B3995A /* ViewModels */ = {
			isa = PBXGroup;
			children = (
				58C863B72F53678500B3995A /* CreatorViewModel.swift */,
				58C863B82F53678500B3995A /* PixelEditorViewModel.swift */,
			);
			path = ViewModels;
			sourceTree = "<group>";
		};
		58C863BE2F53679200B3995A /* PixelEditor */ = {
			isa = PBXGroup;
			children = (
				58C863BC2F53679200B3995A /* PixelCanvasView.swift */,
				58C863BD2F53679200B3995A /* PixelEditorView.swift */,
				0E0D9FAF714681039F7718D1 /* AdvancedColorPickerView.swift */,
				175A61BA48040EB899027EFA /* AnimationTimelineView.swift */,
				DFA0C4A27A8652240E7608FA /* CanvasResizeView.swift */,
			);
			path = PixelEditor;
			sourceTree = "<group>";
		};
		58D012302A28147A00668585 = {
			isa = PBXGroup;
			children = (
				58D0123B2A28147A00668585 /* PixelMe */,
				58D0123A2A28147A00668585 /* Products */,
			);
			sourceTree = "<group>";
		};
		58D0123A2A28147A00668585 /* Products */ = {
			isa = PBXGroup;
			children = (
				58D012392A28147A00668585 /* PixelMe.app */,
			);
			name = Products;
			sourceTree = "<group>";
		};
		58D0123B2A28147A00668585 /* PixelMe */ = {
			isa = PBXGroup;
			children = (
				58C863B92F53678500B3995A /* ViewModels */,
				58C863B12F53677100B3995A /* Models */,
				58D576212A4E61E1006277FB /* Extension */,
				B50F725B147D5A0605FF5547 /* Views */,
				58D576202A4E61D6006277FB /* Manager */,
				58D012422A28147D00668585 /* Preview Content */,
				58D012662A2814F900668585 /* CreatorContentView.swift */,
				58D576222A4E640B006277FB /* PixelatedPhotoView.swift */,
				AA0001012A4E640C006277FB /* SNSSizePreset.swift */,
				AA0001052A4E640C006277FB /* FreeUsageManager.swift */,
				AA0001032A4E640C006277FB /* SNSShareView.swift */,
				58D576242A4E6445006277FB /* PhotoPicker.swift */,
				58D012702A28190C00668585 /* PixelatedImage.swift */,
				58D0123C2A28147A00668585 /* PixelMeApp.swift */,
				58D0126C2A2815B700668585 /* AppConfig.swift */,
				58AA25302ED4A3CD00E8766A /* Assets.xcassets */,
				587D17692F1FB4DF006DED5B /* Localizable.xcstrings */,
				84517E9BEB3A4885A65B56E7 /* CreatorViewModel.swift */,
				37F1792AA87F47AFB4A44588 /* CreatorToolbarView.swift */,
				28B2B41D53C04BFE885672B4 /* CreatorColorPaletteView.swift */,
			);
			path = PixelMe;
			sourceTree = "<group>";
		};
		58D012422A28147D00668585 /* Preview Content */ = {
			isa = PBXGroup;
			children = (
				58D012432A28147D00668585 /* Preview Assets.xcassets */,
			);
			path = "Preview Content";
			sourceTree = "<group>";
		};
		58D576202A4E61D6006277FB /* Manager */ = {
			isa = PBXGroup;
			children = (
				176A1C934F7C47258BF99D4C /* BeforeAfterImageGenerator.swift */,
				58D012682A28152400668585 /* DataManager.swift */,
				CC2B2C3D4E5F6A7B8C9D0E2F /* FeatureGating.swift */,
				CC1B2C3D4E5F6A7B8C9D0E1F /* SubscriptionManager.swift */,
				DEADBC8DCC39630042622DB6 /* PurchaseManager.swift */,
				6B1A5E1B0854AF215211339D /* SamplePixelArt.swift */,
				D215E58C31CE4A05963417C1 /* BeforeAfterVideoGenerator.swift */,
				D1B73E0937DD5196974A90D3 /* FilterPackManager.swift */,
				559C34DD83D4AC4A983ABFCB /* ReviewManager.swift */,
				B74F124BE8EC0E5B5F59DB98 /* PowerManager.swift */,
				1DA64E6F624FEFB0EFA5E6DE /* AsepriteManager.swift */,
			);
			path = Manager;
			sourceTree = "<group>";
		};
		58D576212A4E61E1006277FB /* Extension */ = {
			isa = PBXGroup;
			children = (
				58D012742A281F1F00668585 /* Binding+Extension.swift */,
				58D012722A281E9C00668585 /* View+Extension.swift */,
				58D0126E2A2818AD00668585 /* UIImage+Extension.swift */,
				58D0126A2A28156700668585 /* String+Extension.swift */,
			);
			path = Extension;
			sourceTree = "<group>";
		};
		B50F725B147D5A0605FF5547 /* Views */ = {
			isa = PBXGroup;
			children = (
				58C863BE2F53679200B3995A /* PixelEditor */,
				6FEC30B34B20424EB48A41B0 /* ProfilePixelateView.swift */,
				EDCA211452AA0422EF2CC210 /* OnboardingView.swift */,
				03FB1CCBC584BDFCB73208F2 /* PaywallView.swift */,
				CC4B2C3D4E5F6A7B8C9D0E4F /* ExportPaywallView.swift */,
				CC3B2C3D4E5F6A7B8C9D0E3F /* PreviewWallView.swift */,
				2130E7395FEF5E5B665F631F /* FilterPackStoreView.swift */,
			);
			path = Views;
			sourceTree = "<group>";
		};
/* End PBXGroup section */

/* Begin PBXNativeTarget section */
		58D012382A28147A00668585 /* PixelMe */ = {
			isa = PBXNativeTarget;
			buildConfigurationList = 58D0125D2A28147D00668585 /* Build configuration list for PBXNativeTarget "PixelMe" */;
			buildPhases = (
				AABB001122334455SYNC0001 /* Sync Version */,
				58D012352A28147A00668585 /* Sources */,
				58D012362A28147A00668585 /* Frameworks */,
				58D012372A28147A00668585 /* Resources */,
			);
			buildRules = (
			);
			dependencies = (
			);
			name = PixelMe;
			productName = PixelMe;
			productReference = 58D012392A28147A00668585 /* PixelMe.app */;
			productType = "com.apple.product-type.application";
		};
/* End PBXNativeTarget section */

/* Begin PBXProject section */
		58D012312A28147A00668585 /* Project object */ = {
			isa = PBXProject;
			attributes = {
				BuildIndependentTargetsInParallel = 1;
				LastSwiftUpdateCheck = 1430;
				LastUpgradeCheck = 2600;
				TargetAttributes = {
					58D012382A28147A00668585 = {
						CreatedOnToolsVersion = 14.3;
					};
				};
			};
			buildConfigurationList = 58D012342A28147A00668585 /* Build configuration list for PBXProject "PixelMe" */;
			compatibilityVersion = "Xcode 14.0";
			developmentRegion = en;
			hasScannedForEncodings = 0;
			knownRegions = (
				en,
				Base,
			);
			mainGroup = 58D012302A28147A00668585;
			productRefGroup = 58D0123A2A28147A00668585 /* Products */;
			projectDirPath = "";
			projectRoot = "";
			targets = (
				58D012382A28147A00668585 /* PixelMe */,
			);
		};
/* End PBXProject section */

/* Begin PBXResourcesBuildPhase section */
		58D012372A28147A00668585 /* Resources */ = {
			isa = PBXResourcesBuildPhase;
			buildActionMask = 2147483647;
			files = (
				58AA25312ED4A3CD00E8766A /* Assets.xcassets in Resources */,
				58D012442A28147D00668585 /* Preview Assets.xcassets in Resources */,
				587D176A2F1FB4DF006DED5B /* Localizable.xcstrings in Resources */,
			);
			runOnlyForDeploymentPostprocessing = 0;
		};
/* End PBXResourcesBuildPhase section */

/* Begin PBXShellScriptBuildPhase section */
		AABB001122334455SYNC0001 /* Sync Version */ = {
			isa = PBXShellScriptBuildPhase;
			alwaysOutOfDate = 1;
			buildActionMask = 2147483647;
			files = (
			);
			inputFileListPaths = (
			);
			inputPaths = (
			);
			name = "Sync Version";
			outputFileListPaths = (
			);
			outputPaths = (
			);
			runOnlyForDeploymentPostprocessing = 0;
			shellPath = /bin/sh;
			shellScript = "echo \"✅ Version sync skipped (managed by build settings)\"\n";
		};
/* End PBXShellScriptBuildPhase section */

/* Begin PBXSourcesBuildPhase section */
		58D012352A28147A00668585 /* Sources */ = {
			isa = PBXSourcesBuildPhase;
			buildActionMask = 2147483647;
			files = (
				AA0001022A4E640C006277FB /* SNSSizePreset.swift in Sources */,
				AA0001062A4E640C006277FB /* FreeUsageManager.swift in Sources */,
				AA0001042A4E640C006277FB /* SNSShareView.swift in Sources */,
				548BAF5BD37F4B8D8AD485FC /* BeforeAfterImageGenerator.swift in Sources */,
				A277CDE5DEDD406AAB63F5AF /* ProfilePixelateView.swift in Sources */,
				AA1B2C3D4E5F6A7B8C9D0E1F /* SubscriptionManager.swift in Sources */,
				AA2B2C3D4E5F6A7B8C9D0E2F /* FeatureGating.swift in Sources */,
				AA3B2C3D4E5F6A7B8C9D0E3F /* PreviewWallView.swift in Sources */,
				AA4B2C3D4E5F6A7B8C9D0E4F /* ExportPaywallView.swift in Sources */,
				58D012672A2814F900668585 /* CreatorContentView.swift in Sources */,
				58D576252A4E6445006277FB /* PhotoPicker.swift in Sources */,
				58C863BF2F53679200B3995A /* PixelEditorView.swift in Sources */,
				58C863C02F53679200B3995A /* PixelCanvasView.swift in Sources */,
				58D0126F2A2818AD00668585 /* UIImage+Extension.swift in Sources */,
				58D012712A28190D00668585 /* PixelatedImage.swift in Sources */,
				58D012692A28152400668585 /* DataManager.swift in Sources */,
				58D0126D2A2815B700668585 /* AppConfig.swift in Sources */,
				58D0126B2A28156700668585 /* String+Extension.swift in Sources */,
				58D012732A281E9D00668585 /* View+Extension.swift in Sources */,
				58C863B22F53677100B3995A /* DrawingTool.swift in Sources */,
				58C863BA2F53678500B3995A /* PixelEditorViewModel.swift in Sources */,
				58C863BB2F53678500B3995A /* CreatorViewModel.swift in Sources */,
				58C863B32F53677100B3995A /* LospecPalette.swift in Sources */,
				58C863B42F53677100B3995A /* AnimationFrame.swift in Sources */,
				58C863B52F53677100B3995A /* SNSSizePreset.swift in Sources */,
				58C863B62F53677100B3995A /* PixelCanvas.swift in Sources */,
				58D0123D2A28147A00668585 /* PixelMeApp.swift in Sources */,
				58D576232A4E640C006277FB /* PixelatedPhotoView.swift in Sources */,
				58D012752A281F1F00668585 /* Binding+Extension.swift in Sources */,
				D5DC5993800BE71085C85ED0 /* PurchaseManager.swift in Sources */,
				0EF41573D2BE171F5F243C6E /* SamplePixelArt.swift in Sources */,
				96C35DA1EBF1E1E51BA8D68F /* OnboardingView.swift in Sources */,
				EDFD175EFA6D6EEDF11353E2 /* PaywallView.swift in Sources */,
				A5157CC9E17941C4AA35C002 /* CreatorViewModel.swift in Sources */,
				3FB83995683F4D45AE78E034 /* CreatorToolbarView.swift in Sources */,
				1AE45C5E11344BA8AA82E26A /* CreatorColorPaletteView.swift in Sources */,
				D745E85BC8AA38EF45722774 /* BeforeAfterVideoGenerator.swift in Sources */,
				70855EC9C6D9447B225F6165 /* FilterPack.swift in Sources */,
				48ADB35DF48DC901EE54EFD2 /* FilterPackManager.swift in Sources */,
				9EA1EEC5BB0157F22775CAD2 /* FilterPackStoreView.swift in Sources */,
				CE68B4F96E976C24A2733ED7 /* ReviewManager.swift in Sources */,
				3CC20BD5105DEA77121F6E47 /* PowerManager.swift in Sources */,
				3ED5F204E8A29B5887C48242 /* AsepriteManager.swift in Sources */,
				F2C018810D9C4060D13D757B /* AdvancedColorPickerView.swift in Sources */,
				FF776C1D23B5933CF50A4A99 /* AnimationTimelineView.swift in Sources */,
				7F0A5E20B709D0D5974C40AD /* CanvasResizeView.swift in Sources */,
			);
			runOnlyForDeploymentPostprocessing = 0;
		};
/* End PBXSourcesBuildPhase section */

/* Begin XCBuildConfiguration section */
		58D0125B2A28147D00668585 /* Debug */ = {
			isa = XCBuildConfiguration;
			buildSettings = {
				ALWAYS_SEARCH_USER_PATHS = NO;
				CLANG_ANALYZER_NONNULL = YES;
				CLANG_ANALYZER_NUMBER_OBJECT_CONVERSION = YES_AGGRESSIVE;
				CLANG_CXX_LANGUAGE_STANDARD = "gnu++20";
				CLANG_ENABLE_MODULES = YES;
				CLANG_ENABLE_OBJC_ARC = YES;
				CLANG_ENABLE_OBJC_WEAK = YES;
				CLANG_WARN_BLOCK_CAPTURE_AUTORELEASING = YES;
				CLANG_WARN_BOOL_CONVERSION = YES;
				CLANG_WARN_COMMA = YES;
				CLANG_WARN_CONSTANT_CONVERSION = YES;
				CLANG_WARN_DEPRECATED_OBJC_IMPLEMENTATIONS = YES;
				CLANG_WARN_DIRECT_OBJC_ISA_USAGE = YES_ERROR;
				CLANG_WARN_DOCUMENTATION_COMMENTS = YES;
				CLANG_WARN_EMPTY_BODY = YES;
				CLANG_WARN_ENUM_CONVERSION = YES;
				CLANG_WARN_INFINITE_RECURSION = YES;
				CLANG_WARN_INT_CONVERSION = YES;
				CLANG_WARN_NON_LITERAL_NULL_CONVERSION = YES;
				CLANG_WARN_OBJC_IMPLICIT_RETAIN_SELF = YES;
				CLANG_WARN_OBJC_LITERAL_CONVERSION = YES;
				CLANG_WARN_OBJC_ROOT_CLASS = YES_ERROR;
				CLANG_WARN_QUOTED_INCLUDE_IN_FRAMEWORK_HEADER = YES;
				CLANG_WARN_RANGE_LOOP_ANALYSIS = YES;
				CLANG_WARN_STRICT_PROTOTYPES = YES;
				CLANG_WARN_SUSPICIOUS_MOVE = YES;
				CLANG_WARN_UNGUARDED_AVAILABILITY = YES_AGGRESSIVE;
				CLANG_WARN_UNREACHABLE_CODE = YES;
				CLANG_WARN__DUPLICATE_METHOD_MATCH = YES;
				COPY_PHASE_STRIP = NO;
				DEBUG_INFORMATION_FORMAT = dwarf;
				DEVELOPMENT_TEAM = QGAQ3AY3R3;
				ENABLE_STRICT_OBJC_MSGSEND = YES;
				ENABLE_TESTABILITY = YES;
				ENABLE_USER_SCRIPT_SANDBOXING = YES;
				GCC_C_LANGUAGE_STANDARD = gnu11;
				GCC_DYNAMIC_NO_PIC = NO;
				GCC_NO_COMMON_BLOCKS = YES;
				GCC_OPTIMIZATION_LEVEL = 0;
				GCC_PREPROCESSOR_DEFINITIONS = (
					"DEBUG=1",
					"$(inherited)",
				);
				GCC_WARN_64_TO_32_BIT_CONVERSION = YES;
				GCC_WARN_ABOUT_RETURN_TYPE = YES_ERROR;
				GCC_WARN_UNDECLARED_SELECTOR = YES;
				GCC_WARN_UNINITIALIZED_AUTOS = YES_AGGRESSIVE;
				GCC_WARN_UNUSED_FUNCTION = YES;
				GCC_WARN_UNUSED_VARIABLE = YES;
				IPHONEOS_DEPLOYMENT_TARGET = 16.0;
				MTL_ENABLE_DEBUG_INFO = INCLUDE_SOURCE;
				MTL_FAST_MATH = YES;
				ONLY_ACTIVE_ARCH = YES;
				SDKROOT = iphoneos;
				STRING_CATALOG_GENERATE_SYMBOLS = YES;
				SWIFT_ACTIVE_COMPILATION_CONDITIONS = DEBUG;
				SWIFT_EMIT_LOC_STRINGS = YES;
				SWIFT_OPTIMIZATION_LEVEL = "-Onone";
			};
			name = Debug;
		};
		58D0125C2A28147D00668585 /* Release */ = {
			isa = XCBuildConfiguration;
			buildSettings = {
				ALWAYS_SEARCH_USER_PATHS = NO;
				CLANG_ANALYZER_NONNULL = YES;
				CLANG_ANALYZER_NUMBER_OBJECT_CONVERSION = YES_AGGRESSIVE;
				CLANG_CXX_LANGUAGE_STANDARD = "gnu++20";
				CLANG_ENABLE_MODULES = YES;
				CLANG_ENABLE_OBJC_ARC = YES;
				CLANG_ENABLE_OBJC_WEAK = YES;
				CLANG_WARN_BLOCK_CAPTURE_AUTORELEASING = YES;
				CLANG_WARN_BOOL_CONVERSION = YES;
				CLANG_WARN_COMMA = YES;
				CLANG_WARN_CONSTANT_CONVERSION = YES;
				CLANG_WARN_DEPRECATED_OBJC_IMPLEMENTATIONS = YES;
				CLANG_WARN_DIRECT_OBJC_ISA_USAGE = YES_ERROR;
				CLANG_WARN_DOCUMENTATION_COMMENTS = YES;
				CLANG_WARN_EMPTY_BODY = YES;
				CLANG_WARN_ENUM_CONVERSION = YES;
				CLANG_WARN_INFINITE_RECURSION = YES;
				CLANG_WARN_INT_CONVERSION = YES;
				CLANG_WARN_NON_LITERAL_NULL_CONVERSION = YES;
				CLANG_WARN_OBJC_IMPLICIT_RETAIN_SELF = YES;
				CLANG_WARN_OBJC_LITERAL_CONVERSION = YES;
				CLANG_WARN_OBJC_ROOT_CLASS = YES_ERROR;
				CLANG_WARN_QUOTED_INCLUDE_IN_FRAMEWORK_HEADER = YES;
				CLANG_WARN_RANGE_LOOP_ANALYSIS = YES;
				CLANG_WARN_STRICT_PROTOTYPES = YES;
				CLANG_WARN_SUSPICIOUS_MOVE = YES;
				CLANG_WARN_UNGUARDED_AVAILABILITY = YES_AGGRESSIVE;
				CLANG_WARN_UNREACHABLE_CODE = YES;
				CLANG_WARN__DUPLICATE_METHOD_MATCH = YES;
				COPY_PHASE_STRIP = NO;
				DEBUG_INFORMATION_FORMAT = "dwarf-with-dsym";
				DEVELOPMENT_TEAM = QGAQ3AY3R3;
				ENABLE_NS_ASSERTIONS = NO;
				ENABLE_STRICT_OBJC_MSGSEND = YES;
				ENABLE_USER_SCRIPT_SANDBOXING = YES;
				GCC_C_LANGUAGE_STANDARD = gnu11;
				GCC_NO_COMMON_BLOCKS = YES;
				GCC_WARN_64_TO_32_BIT_CONVERSION = YES;
				GCC_WARN_ABOUT_RETURN_TYPE = YES_ERROR;
				GCC_WARN_UNDECLARED_SELECTOR = YES;
				GCC_WARN_UNINITIALIZED_AUTOS = YES_AGGRESSIVE;
				GCC_WARN_UNUSED_FUNCTION = YES;
				GCC_WARN_UNUSED_VARIABLE = YES;
				IPHONEOS_DEPLOYMENT_TARGET = 16.0;
				MTL_ENABLE_DEBUG_INFO = NO;
				MTL_FAST_MATH = YES;
				SDKROOT = iphoneos;
				STRING_CATALOG_GENERATE_SYMBOLS = YES;
				SWIFT_COMPILATION_MODE = wholemodule;
				SWIFT_EMIT_LOC_STRINGS = YES;
				SWIFT_OPTIMIZATION_LEVEL = "-O";
				VALIDATE_PRODUCT = YES;
			};
			name = Release;
		};
		58D0125E2A28147D00668585 /* Debug */ = {
			isa = XCBuildConfiguration;
			buildSettings = {
				ASSETCATALOG_COMPILER_APPICON_NAME = AppIcon;
				ASSETCATALOG_COMPILER_GLOBAL_ACCENT_COLOR_NAME = AccentColor;
				CODE_SIGN_STYLE = Automatic;
				CURRENT_PROJECT_VERSION = 1;
				DEVELOPMENT_ASSET_PATHS = "\"PixelMe/Preview Content\"";
				ENABLE_PREVIEWS = YES;
				GENERATE_INFOPLIST_FILE = YES;
				INFOPLIST_KEY_CFBundleDisplayName = PixelMeMe;
				INFOPLIST_KEY_LSApplicationCategoryType = "public.app-category.lifestyle";
				INFOPLIST_KEY_NSPhotoLibraryAddUsageDescription = "Save image to Photos app";
				INFOPLIST_KEY_UIApplicationSceneManifest_Generation = YES;
				INFOPLIST_KEY_UIApplicationSupportsIndirectInputEvents = YES;
				INFOPLIST_KEY_UILaunchScreen_Generation = YES;
				INFOPLIST_KEY_UISupportedInterfaceOrientations = UIInterfaceOrientationPortrait;
				INFOPLIST_KEY_UISupportedInterfaceOrientations_iPad = "UIInterfaceOrientationLandscapeLeft UIInterfaceOrientationLandscapeRight UIInterfaceOrientationPortrait UIInterfaceOrientationPortraitUpsideDown";
				IPHONEOS_DEPLOYMENT_TARGET = 18.6;
				LD_RUNPATH_SEARCH_PATHS = (
					"$(inherited)",
					"@executable_path/Frameworks",
				);
				MARKETING_VERSION = 2.0.0;
				PRODUCT_BUNDLE_IDENTIFIER = com.leeo.PixelMe;
				PRODUCT_NAME = "$(TARGET_NAME)";
				SUPPORTED_PLATFORMS = "iphoneos iphonesimulator";
				SUPPORTS_MACCATALYST = NO;
				SUPPORTS_MAC_DESIGNED_FOR_IPHONE_IPAD = YES;
				SWIFT_EMIT_LOC_STRINGS = YES;
				SWIFT_VERSION = 5.0;
				TARGETED_DEVICE_FAMILY = 1;
			};
			name = Debug;
		};
		58D0125F2A28147D00668585 /* Release */ = {
			isa = XCBuildConfiguration;
			buildSettings = {
				ASSETCATALOG_COMPILER_APPICON_NAME = AppIcon;
				ASSETCATALOG_COMPILER_GLOBAL_ACCENT_COLOR_NAME = AccentColor;
				CODE_SIGN_STYLE = Automatic;
				CURRENT_PROJECT_VERSION = 1;
				DEVELOPMENT_ASSET_PATHS = "\"PixelMe/Preview Content\"";
				ENABLE_PREVIEWS = YES;
				GENERATE_INFOPLIST_FILE = YES;
				INFOPLIST_KEY_CFBundleDisplayName = PixelMeMe;
				INFOPLIST_KEY_LSApplicationCategoryType = "public.app-category.lifestyle";
				INFOPLIST_KEY_NSPhotoLibraryAddUsageDescription = "Save image to Photos app";
				INFOPLIST_KEY_UIApplicationSceneManifest_Generation = YES;
				INFOPLIST_KEY_UIApplicationSupportsIndirectInputEvents = YES;
				INFOPLIST_KEY_UILaunchScreen_Generation = YES;
				INFOPLIST_KEY_UISupportedInterfaceOrientations = UIInterfaceOrientationPortrait;
				INFOPLIST_KEY_UISupportedInterfaceOrientations_iPad = "UIInterfaceOrientationLandscapeLeft UIInterfaceOrientationLandscapeRight UIInterfaceOrientationPortrait UIInterfaceOrientationPortraitUpsideDown";
				IPHONEOS_DEPLOYMENT_TARGET = 18.6;
				LD_RUNPATH_SEARCH_PATHS = (
					"$(inherited)",
					"@executable_path/Frameworks",
				);
				MARKETING_VERSION = 2.0.0;
				PRODUCT_BUNDLE_IDENTIFIER = com.leeo.PixelMe;
				PRODUCT_NAME = "$(TARGET_NAME)";
				SUPPORTED_PLATFORMS = "iphoneos iphonesimulator";
				SUPPORTS_MACCATALYST = NO;
				SUPPORTS_MAC_DESIGNED_FOR_IPHONE_IPAD = YES;
				SWIFT_EMIT_LOC_STRINGS = YES;
				SWIFT_VERSION = 5.0;
				TARGETED_DEVICE_FAMILY = 1;
			};
			name = Release;
		};
/* End XCBuildConfiguration section */

/* Begin XCConfigurationList section */
		58D012342A28147A00668585 /* Build configuration list for PBXProject "PixelMe" */ = {
			isa = XCConfigurationList;
			buildConfigurations = (
				58D0125B2A28147D00668585 /* Debug */,
				58D0125C2A28147D00668585 /* Release */,
			);
			defaultConfigurationIsVisible = 0;
			defaultConfigurationName = Release;
		};
		58D0125D2A28147D00668585 /* Build configuration list for PBXNativeTarget "PixelMe" */ = {
			isa = XCConfigurationList;
			buildConfigurations = (
				58D0125E2A28147D00668585 /* Debug */,
				58D0125F2A28147D00668585 /* Release */,
			);
			defaultConfigurationIsVisible = 0;
			defaultConfigurationName = Release;
		};
/* End XCConfigurationList section */
	};
	rootObject = 58D012312A28147A00668585 /* Project object */;
}
