// !$*UTF8*$!
{
	archiveVersion = 1;
	classes = {
	};
	objectVersion = 56;
	objects = {

/* Begin PBXBuildFile section */
		58D0123D2A28147A00668585 /* PixelMeApp.swift in Sources */ = {isa = PBXBuildFile; fileRef = 58D0123C2A28147A00668585 /* PixelMeApp.swift */; };
		58D012442A28147D00668585 /* Preview Assets.xcassets in Resources */ = {isa = PBXBuildFile; fileRef = 58D012432A28147D00668585 /* Preview Assets.xcassets */; };
		58D0124E2A28147D00668585 /* PixelMeTests.swift in Sources */ = {isa = PBXBuildFile; fileRef = 58D0124D2A28147D00668585 /* PixelMeTests.swift */; };
		58D012582A28147D00668585 /* PixelMeUITests.swift in Sources */ = {isa = PBXBuildFile; fileRef = 58D012572A28147D00668585 /* PixelMeUITests.swift */; };
		58D0125A2A28147D00668585 /* PixelMeUITestsLaunchTests.swift in Sources */ = {isa = PBXBuildFile; fileRef = 58D012592A28147D00668585 /* PixelMeUITestsLaunchTests.swift */; };
		58D012672A2814F900668585 /* CreatorContentView.swift in Sources */ = {isa = PBXBuildFile; fileRef = 58D012662A2814F900668585 /* CreatorContentView.swift */; };
		58D012692A28152400668585 /* DataManager.swift in Sources */ = {isa = PBXBuildFile; fileRef = 58D012682A28152400668585 /* DataManager.swift */; };
		58D0126B2A28156700668585 /* String+Extension.swift in Sources */ = {isa = PBXBuildFile; fileRef = 58D0126A2A28156700668585 /* String+Extension.swift */; };
		58D0126D2A2815B700668585 /* AppConfig.swift in Sources */ = {isa = PBXBuildFile; fileRef = 58D0126C2A2815B700668585 /* AppConfig.swift */; };
		58D0126F2A2818AD00668585 /* UIImage+Extension.swift in Sources */ = {isa = PBXBuildFile; fileRef = 58D0126E2A2818AD00668585 /* UIImage+Extension.swift */; };
		58D012712A28190D00668585 /* PixelatedImage.swift in Sources */ = {isa = PBXBuildFile; fileRef = 58D012702A28190C00668585 /* PixelatedImage.swift */; };
		58D012732A281E9D00668585 /* View+Extension.swift in Sources */ = {isa = PBXBuildFile; fileRef = 58D012722A281E9C00668585 /* View+Extension.swift */; };
		58D012752A281F1F00668585 /* Binding+Extension.swift in Sources */ = {isa = PBXBuildFile; fileRef = 58D012742A281F1F00668585 /* Binding+Extension.swift */; };
		58D012772A286E6D00668585 /* Assets.xcassets in Resources */ = {isa = PBXBuildFile; fileRef = 58D012762A286E6D00668585 /* Assets.xcassets */; };
/* End PBXBuildFile section */

/* Begin PBXContainerItemProxy section */
		58D0124A2A28147D00668585 /* PBXContainerItemProxy */ = {
			isa = PBXContainerItemProxy;
			containerPortal = 58D012312A28147A00668585 /* Project object */;
			proxyType = 1;
			remoteGlobalIDString = 58D012382A28147A00668585;
			remoteInfo = PixelMe;
		};
		58D012542A28147D00668585 /* PBXContainerItemProxy */ = {
			isa = PBXContainerItemProxy;
			containerPortal = 58D012312A28147A00668585 /* Project object */;
			proxyType = 1;
			remoteGlobalIDString = 58D012382A28147A00668585;
			remoteInfo = PixelMe;
		};
/* End PBXContainerItemProxy section */

/* Begin PBXFileReference section */
		58D012392A28147A00668585 /* PixelMe.app */ = {isa = PBXFileReference; explicitFileType = wrapper.application; includeInIndex = 0; path = PixelMe.app; sourceTree = BUILT_PRODUCTS_DIR; };
		58D0123C2A28147A00668585 /* PixelMeApp.swift */ = {isa = PBXFileReference; lastKnownFileType = sourcecode.swift; path = PixelMeApp.swift; sourceTree = "<group>"; };
		58D012432A28147D00668585 /* Preview Assets.xcassets */ = {isa = PBXFileReference; lastKnownFileType = folder.assetcatalog; path = "Preview Assets.xcassets"; sourceTree = "<group>"; };
		58D012492A28147D00668585 /* PixelMeTests.xctest */ = {isa = PBXFileReference; explicitFileType = wrapper.cfbundle; includeInIndex = 0; path = PixelMeTests.xctest; sourceTree = BUILT_PRODUCTS_DIR; };
		58D0124D2A28147D00668585 /* PixelMeTests.swift */ = {isa = PBXFileReference; lastKnownFileType = sourcecode.swift; path = PixelMeTests.swift; sourceTree = "<group>"; };
		58D012532A28147D00668585 /* PixelMeUITests.xctest */ = {isa = PBXFileReference; explicitFileType = wrapper.cfbundle; includeInIndex = 0; path = PixelMeUITests.xctest; sourceTree = BUILT_PRODUCTS_DIR; };
		58D012572A28147D00668585 /* PixelMeUITests.swift */ = {isa = PBXFileReference; lastKnownFileType = sourcecode.swift; path = PixelMeUITests.swift; sourceTree = "<group>"; };
		58D012592A28147D00668585 /* PixelMeUITestsLaunchTests.swift */ = {isa = PBXFileReference; lastKnownFileType = sourcecode.swift; path = PixelMeUITestsLaunchTests.swift; sourceTree = "<group>"; };
		58D012662A2814F900668585 /* CreatorContentView.swift */ = {isa = PBXFileReference; lastKnownFileType = sourcecode.swift; path = CreatorContentView.swift; sourceTree = "<group>"; };
		58D012682A28152400668585 /* DataManager.swift */ = {isa = PBXFileReference; lastKnownFileType = sourcecode.swift; path = DataManager.swift; sourceTree = "<group>"; };
		58D0126A2A28156700668585 /* String+Extension.swift */ = {isa = PBXFileReference; lastKnownFileType = sourcecode.swift; path = "String+Extension.swift"; sourceTree = "<group>"; };
		58D0126C2A2815B700668585 /* AppConfig.swift */ = {isa = PBXFileReference; lastKnownFileType = sourcecode.swift; path = AppConfig.swift; sourceTree = "<group>"; };
		58D0126E2A2818AD00668585 /* UIImage+Extension.swift */ = {isa = PBXFileReference; lastKnownFileType = sourcecode.swift; path = "UIImage+Extension.swift"; sourceTree = "<group>"; };
		58D012702A28190C00668585 /* PixelatedImage.swift */ = {isa = PBXFileReference; lastKnownFileType = sourcecode.swift; path = PixelatedImage.swift; sourceTree = "<group>"; };
		58D012722A281E9C00668585 /* View+Extension.swift */ = {isa = PBXFileReference; lastKnownFileType = sourcecode.swift; path = "View+Extension.swift"; sourceTree = "<group>"; };
		58D012742A281F1F00668585 /* Binding+Extension.swift */ = {isa = PBXFileReference; lastKnownFileType = sourcecode.swift; path = "Binding+Extension.swift"; sourceTree = "<group>"; };
		58D012762A286E6D00668585 /* Assets.xcassets */ = {isa = PBXFileReference; lastKnownFileType = folder.assetcatalog; name = Assets.xcassets; path = "../../../../../Downloads/AppIcons-4/Assets.xcassets"; sourceTree = "<group>"; };
/* End PBXFileReference section */

/* Begin PBXFrameworksBuildPhase section */
		58D012362A28147A00668585 /* Frameworks */ = {
			isa = PBXFrameworksBuildPhase;
			buildActionMask = 2147483647;
			files = (
			);
			runOnlyForDeploymentPostprocessing = 0;
		};
		58D012462A28147D00668585 /* Frameworks */ = {
			isa = PBXFrameworksBuildPhase;
			buildActionMask = 2147483647;
			files = (
			);
			runOnlyForDeploymentPostprocessing = 0;
		};
		58D012502A28147D00668585 /* Frameworks */ = {
			isa = PBXFrameworksBuildPhase;
			buildActionMask = 2147483647;
			files = (
			);
			runOnlyForDeploymentPostprocessing = 0;
		};
/* End PBXFrameworksBuildPhase section */

/* Begin PBXGroup section */
		58D012302A28147A00668585 = {
			isa = PBXGroup;
			children = (
				58D0123B2A28147A00668585 /* PixelMe */,
				58D0124C2A28147D00668585 /* PixelMeTests */,
				58D012562A28147D00668585 /* PixelMeUITests */,
				58D0123A2A28147A00668585 /* Products */,
			);
			sourceTree = "<group>";
		};
		58D0123A2A28147A00668585 /* Products */ = {
			isa = PBXGroup;
			children = (
				58D012392A28147A00668585 /* PixelMe.app */,
				58D012492A28147D00668585 /* PixelMeTests.xctest */,
				58D012532A28147D00668585 /* PixelMeUITests.xctest */,
			);
			name = Products;
			sourceTree = "<group>";
		};
		58D0123B2A28147A00668585 /* PixelMe */ = {
			isa = PBXGroup;
			children = (
				58D0123C2A28147A00668585 /* PixelMeApp.swift */,
				58D012762A286E6D00668585 /* Assets.xcassets */,
				58D012422A28147D00668585 /* Preview Content */,
				58D012662A2814F900668585 /* CreatorContentView.swift */,
				58D012682A28152400668585 /* DataManager.swift */,
				58D0126C2A2815B700668585 /* AppConfig.swift */,
				58D012702A28190C00668585 /* PixelatedImage.swift */,
				58D0126A2A28156700668585 /* String+Extension.swift */,
				58D0126E2A2818AD00668585 /* UIImage+Extension.swift */,
				58D012722A281E9C00668585 /* View+Extension.swift */,
				58D012742A281F1F00668585 /* Binding+Extension.swift */,
			);
			path = PixelMe;
			sourceTree = "<group>";
		};
		58D012422A28147D00668585 /* Preview Content */ = {
			isa = PBXGroup;
			children = (
				58D012432A28147D00668585 /* Preview Assets.xcassets */,
			);
			path = "Preview Content";
			sourceTree = "<group>";
		};
		58D0124C2A28147D00668585 /* PixelMeTests */ = {
			isa = PBXGroup;
			children = (
				58D0124D2A28147D00668585 /* PixelMeTests.swift */,
			);
			path = PixelMeTests;
			sourceTree = "<group>";
		};
		58D012562A28147D00668585 /* PixelMeUITests */ = {
			isa = PBXGroup;
			children = (
				58D012572A28147D00668585 /* PixelMeUITests.swift */,
				58D012592A28147D00668585 /* PixelMeUITestsLaunchTests.swift */,
			);
			path = PixelMeUITests;
			sourceTree = "<group>";
		};
/* End PBXGroup section */

/* Begin PBXNativeTarget section */
		58D012382A28147A00668585 /* PixelMe */ = {
			isa = PBXNativeTarget;
			buildConfigurationList = 58D0125D2A28147D00668585 /* Build configuration list for PBXNativeTarget "PixelMe" */;
			buildPhases = (
				58D012352A28147A00668585 /* Sources */,
				58D012362A28147A00668585 /* Frameworks */,
				58D012372A28147A00668585 /* Resources */,
			);
			buildRules = (
			);
			dependencies = (
			);
			name = PixelMe;
			productName = PixelMe;
			productReference = 58D012392A28147A00668585 /* PixelMe.app */;
			productType = "com.apple.product-type.application";
		};
		58D012482A28147D00668585 /* PixelMeTests */ = {
			isa = PBXNativeTarget;
			buildConfigurationList = 58D012602A28147D00668585 /* Build configuration list for PBXNativeTarget "PixelMeTests" */;
			buildPhases = (
				58D012452A28147D00668585 /* Sources */,
				58D012462A28147D00668585 /* Frameworks */,
				58D012472A28147D00668585 /* Resources */,
			);
			buildRules = (
			);
			dependencies = (
				58D0124B2A28147D00668585 /* PBXTargetDependency */,
			);
			name = PixelMeTests;
			productName = PixelMeTests;
			productReference = 58D012492A28147D00668585 /* PixelMeTests.xctest */;
			productType = "com.apple.product-type.bundle.unit-test";
		};
		58D012522A28147D00668585 /* PixelMeUITests */ = {
			isa = PBXNativeTarget;
			buildConfigurationList = 58D012632A28147D00668585 /* Build configuration list for PBXNativeTarget "PixelMeUITests" */;
			buildPhases = (
				58D0124F2A28147D00668585 /* Sources */,
				58D012502A28147D00668585 /* Frameworks */,
				58D012512A28147D00668585 /* Resources */,
			);
			buildRules = (
			);
			dependencies = (
				58D012552A28147D00668585 /* PBXTargetDependency */,
			);
			name = PixelMeUITests;
			productName = PixelMeUITests;
			productReference = 58D012532A28147D00668585 /* PixelMeUITests.xctest */;
			productType = "com.apple.product-type.bundle.ui-testing";
		};
/* End PBXNativeTarget section */

/* Begin PBXProject section */
		58D012312A28147A00668585 /* Project object */ = {
			isa = PBXProject;
			attributes = {
				BuildIndependentTargetsInParallel = 1;
				LastSwiftUpdateCheck = 1430;
				LastUpgradeCheck = 1430;
				TargetAttributes = {
					58D012382A28147A00668585 = {
						CreatedOnToolsVersion = 14.3;
					};
					58D012482A28147D00668585 = {
						CreatedOnToolsVersion = 14.3;
						TestTargetID = 58D012382A28147A00668585;
					};
					58D012522A28147D00668585 = {
						CreatedOnToolsVersion = 14.3;
						TestTargetID = 58D012382A28147A00668585;
					};
				};
			};
			buildConfigurationList = 58D012342A28147A00668585 /* Build configuration list for PBXProject "PixelMe" */;
			compatibilityVersion = "Xcode 14.0";
			developmentRegion = en;
			hasScannedForEncodings = 0;
			knownRegions = (
				en,
				Base,
			);
			mainGroup = 58D012302A28147A00668585;
			productRefGroup = 58D0123A2A28147A00668585 /* Products */;
			projectDirPath = "";
			projectRoot = "";
			targets = (
				58D012382A28147A00668585 /* PixelMe */,
				58D012482A28147D00668585 /* PixelMeTests */,
				58D012522A28147D00668585 /* PixelMeUITests */,
			);
		};
/* End PBXProject section */

/* Begin PBXResourcesBuildPhase section */
		58D012372A28147A00668585 /* Resources */ = {
			isa = PBXResourcesBuildPhase;
			buildActionMask = 2147483647;
			files = (
				58D012442A28147D00668585 /* Preview Assets.xcassets in Resources */,
				58D012772A286E6D00668585 /* Assets.xcassets in Resources */,
			);
			runOnlyForDeploymentPostprocessing = 0;
		};
		58D012472A28147D00668585 /* Resources */ = {
			isa = PBXResourcesBuildPhase;
			buildActionMask = 2147483647;
			files = (
			);
			runOnlyForDeploymentPostprocessing = 0;
		};
		58D012512A28147D00668585 /* Resources */ = {
			isa = PBXResourcesBuildPhase;
			buildActionMask = 2147483647;
			files = (
			);
			runOnlyForDeploymentPostprocessing = 0;
		};
/* End PBXResourcesBuildPhase section */

/* Begin PBXSourcesBuildPhase section */
		58D012352A28147A00668585 /* Sources */ = {
			isa = PBXSourcesBuildPhase;
			buildActionMask = 2147483647;
			files = (
				58D012672A2814F900668585 /* CreatorContentView.swift in Sources */,
				58D0126F2A2818AD00668585 /* UIImage+Extension.swift in Sources */,
				58D012712A28190D00668585 /* PixelatedImage.swift in Sources */,
				58D012692A28152400668585 /* DataManager.swift in Sources */,
				58D0126D2A2815B700668585 /* AppConfig.swift in Sources */,
				58D0126B2A28156700668585 /* String+Extension.swift in Sources */,
				58D012732A281E9D00668585 /* View+Extension.swift in Sources */,
				58D0123D2A28147A00668585 /* PixelMeApp.swift in Sources */,
				58D012752A281F1F00668585 /* Binding+Extension.swift in Sources */,
			);
			runOnlyForDeploymentPostprocessing = 0;
		};
		58D012452A28147D00668585 /* Sources */ = {
			isa = PBXSourcesBuildPhase;
			buildActionMask = 2147483647;
			files = (
				58D0124E2A28147D00668585 /* PixelMeTests.swift in Sources */,
			);
			runOnlyForDeploymentPostprocessing = 0;
		};
		58D0124F2A28147D00668585 /* Sources */ = {
			isa = PBXSourcesBuildPhase;
			buildActionMask = 2147483647;
			files = (
				58D012582A28147D00668585 /* PixelMeUITests.swift in Sources */,
				58D0125A2A28147D00668585 /* PixelMeUITestsLaunchTests.swift in Sources */,
			);
			runOnlyForDeploymentPostprocessing = 0;
		};
/* End PBXSourcesBuildPhase section */

/* Begin PBXTargetDependency section */
		58D0124B2A28147D00668585 /* PBXTargetDependency */ = {
			isa = PBXTargetDependency;
			target = 58D012382A28147A00668585 /* PixelMe */;
			targetProxy = 58D0124A2A28147D00668585 /* PBXContainerItemProxy */;
		};
		58D012552A28147D00668585 /* PBXTargetDependency */ = {
			isa = PBXTargetDependency;
			target = 58D012382A28147A00668585 /* PixelMe */;
			targetProxy = 58D012542A28147D00668585 /* PBXContainerItemProxy */;
		};
/* End PBXTargetDependency section */

/* Begin XCBuildConfiguration section */
		58D0125B2A28147D00668585 /* Debug */ = {
			isa = XCBuildConfiguration;
			buildSettings = {
				ALWAYS_SEARCH_USER_PATHS = NO;
				CLANG_ANALYZER_NONNULL = YES;
				CLANG_ANALYZER_NUMBER_OBJECT_CONVERSION = YES_AGGRESSIVE;
				CLANG_CXX_LANGUAGE_STANDARD = "gnu++20";
				CLANG_ENABLE_MODULES = YES;
				CLANG_ENABLE_OBJC_ARC = YES;
				CLANG_ENABLE_OBJC_WEAK = YES;
				CLANG_WARN_BLOCK_CAPTURE_AUTORELEASING = YES;
				CLANG_WARN_BOOL_CONVERSION = YES;
				CLANG_WARN_COMMA = YES;
				CLANG_WARN_CONSTANT_CONVERSION = YES;
				CLANG_WARN_DEPRECATED_OBJC_IMPLEMENTATIONS = YES;
				CLANG_WARN_DIRECT_OBJC_ISA_USAGE = YES_ERROR;
				CLANG_WARN_DOCUMENTATION_COMMENTS = YES;
				CLANG_WARN_EMPTY_BODY = YES;
				CLANG_WARN_ENUM_CONVERSION = YES;
				CLANG_WARN_INFINITE_RECURSION = YES;
				CLANG_WARN_INT_CONVERSION = YES;
				CLANG_WARN_NON_LITERAL_NULL_CONVERSION = YES;
				CLANG_WARN_OBJC_IMPLICIT_RETAIN_SELF = YES;
				CLANG_WARN_OBJC_LITERAL_CONVERSION = YES;
				CLANG_WARN_OBJC_ROOT_CLASS = YES_ERROR;
				CLANG_WARN_QUOTED_INCLUDE_IN_FRAMEWORK_HEADER = YES;
				CLANG_WARN_RANGE_LOOP_ANALYSIS = YES;
				CLANG_WARN_STRICT_PROTOTYPES = YES;
				CLANG_WARN_SUSPICIOUS_MOVE = YES;
				CLANG_WARN_UNGUARDED_AVAILABILITY = YES_AGGRESSIVE;
				CLANG_WARN_UNREACHABLE_CODE = YES;
				CLANG_WARN__DUPLICATE_METHOD_MATCH = YES;
				COPY_PHASE_STRIP = NO;
				DEBUG_INFORMATION_FORMAT = dwarf;
				ENABLE_STRICT_OBJC_MSGSEND = YES;
				ENABLE_TESTABILITY = YES;
				GCC_C_LANGUAGE_STANDARD = gnu11;
				GCC_DYNAMIC_NO_PIC = NO;
				GCC_NO_COMMON_BLOCKS = YES;
				GCC_OPTIMIZATION_LEVEL = 0;
				GCC_PREPROCESSOR_DEFINITIONS = (
					"DEBUG=1",
					"$(inherited)",
				);
				GCC_WARN_64_TO_32_BIT_CONVERSION = YES;
				GCC_WARN_ABOUT_RETURN_TYPE = YES_ERROR;
				GCC_WARN_UNDECLARED_SELECTOR = YES;
				GCC_WARN_UNINITIALIZED_AUTOS = YES_AGGRESSIVE;
				GCC_WARN_UNUSED_FUNCTION = YES;
				GCC_WARN_UNUSED_VARIABLE = YES;
				IPHONEOS_DEPLOYMENT_TARGET = 16.0;
				MTL_ENABLE_DEBUG_INFO = INCLUDE_SOURCE;
				MTL_FAST_MATH = YES;
				ONLY_ACTIVE_ARCH = YES;
				SDKROOT = iphoneos;
				SWIFT_ACTIVE_COMPILATION_CONDITIONS = DEBUG;
				SWIFT_OPTIMIZATION_LEVEL = "-Onone";
			};
			name = Debug;
		};
		58D0125C2A28147D00668585 /* Release */ = {
			isa = XCBuildConfiguration;
			buildSettings = {
				ALWAYS_SEARCH_USER_PATHS = NO;
				CLANG_ANALYZER_NONNULL = YES;
				CLANG_ANALYZER_NUMBER_OBJECT_CONVERSION = YES_AGGRESSIVE;
				CLANG_CXX_LANGUAGE_STANDARD = "gnu++20";
				CLANG_ENABLE_MODULES = YES;
				CLANG_ENABLE_OBJC_ARC = YES;
				CLANG_ENABLE_OBJC_WEAK = YES;
				CLANG_WARN_BLOCK_CAPTURE_AUTORELEASING = YES;
				CLANG_WARN_BOOL_CONVERSION = YES;
				CLANG_WARN_COMMA = YES;
				CLANG_WARN_CONSTANT_CONVERSION = YES;
				CLANG_WARN_DEPRECATED_OBJC_IMPLEMENTATIONS = YES;
				CLANG_WARN_DIRECT_OBJC_ISA_USAGE = YES_ERROR;
				CLANG_WARN_DOCUMENTATION_COMMENTS = YES;
				CLANG_WARN_EMPTY_BODY = YES;
				CLANG_WARN_ENUM_CONVERSION = YES;
				CLANG_WARN_INFINITE_RECURSION = YES;
				CLANG_WARN_INT_CONVERSION = YES;
				CLANG_WARN_NON_LITERAL_NULL_CONVERSION = YES;
				CLANG_WARN_OBJC_IMPLICIT_RETAIN_SELF = YES;
				CLANG_WARN_OBJC_LITERAL_CONVERSION = YES;
				CLANG_WARN_OBJC_ROOT_CLASS = YES_ERROR;
				CLANG_WARN_QUOTED_INCLUDE_IN_FRAMEWORK_HEADER = YES;
				CLANG_WARN_RANGE_LOOP_ANALYSIS = YES;
				CLANG_WARN_STRICT_PROTOTYPES = YES;
				CLANG_WARN_SUSPICIOUS_MOVE = YES;
				CLANG_WARN_UNGUARDED_AVAILABILITY = YES_AGGRESSIVE;
				CLANG_WARN_UNREACHABLE_CODE = YES;
				CLANG_WARN__DUPLICATE_METHOD_MATCH = YES;
				COPY_PHASE_STRIP = NO;
				DEBUG_INFORMATION_FORMAT = "dwarf-with-dsym";
				ENABLE_NS_ASSERTIONS = NO;
				ENABLE_STRICT_OBJC_MSGSEND = YES;
				GCC_C_LANGUAGE_STANDARD = gnu11;
				GCC_NO_COMMON_BLOCKS = YES;
				GCC_WARN_64_TO_32_BIT_CONVERSION = YES;
				GCC_WARN_ABOUT_RETURN_TYPE = YES_ERROR;
				GCC_WARN_UNDECLARED_SELECTOR = YES;
				GCC_WARN_UNINITIALIZED_AUTOS = YES_AGGRESSIVE;
				GCC_WARN_UNUSED_FUNCTION = YES;
				GCC_WARN_UNUSED_VARIABLE = YES;
				IPHONEOS_DEPLOYMENT_TARGET = 16.0;
				MTL_ENABLE_DEBUG_INFO = NO;
				MTL_FAST_MATH = YES;
				SDKROOT = iphoneos;
				SWIFT_COMPILATION_MODE = wholemodule;
				SWIFT_OPTIMIZATION_LEVEL = "-O";
				VALIDATE_PRODUCT = YES;
			};
			name = Release;
		};
		58D0125E2A28147D00668585 /* Debug */ = {
			isa = XCBuildConfiguration;
			buildSettings = {
				ASSETCATALOG_COMPILER_APPICON_NAME = AppIcon;
				ASSETCATALOG_COMPILER_GLOBAL_ACCENT_COLOR_NAME = AccentColor;
				CODE_SIGN_STYLE = Automatic;
				CURRENT_PROJECT_VERSION = 1;
				DEVELOPMENT_ASSET_PATHS = "\"PixelMe/Preview Content\"";
				DEVELOPMENT_TEAM = QGAQ3AY3R3;
				ENABLE_PREVIEWS = YES;
				GENERATE_INFOPLIST_FILE = YES;
				INFOPLIST_KEY_LSApplicationCategoryType = "public.app-category.lifestyle";
				INFOPLIST_KEY_NSPhotoLibraryAddUsageDescription = "Save image to Photos app";
				INFOPLIST_KEY_UIApplicationSceneManifest_Generation = YES;
				INFOPLIST_KEY_UIApplicationSupportsIndirectInputEvents = YES;
				INFOPLIST_KEY_UILaunchScreen_Generation = YES;
				INFOPLIST_KEY_UISupportedInterfaceOrientations_iPad = "UIInterfaceOrientationPortrait UIInterfaceOrientationPortraitUpsideDown UIInterfaceOrientationLandscapeLeft UIInterfaceOrientationLandscapeRight";
				INFOPLIST_KEY_UISupportedInterfaceOrientations_iPhone = "UIInterfaceOrientationPortrait UIInterfaceOrientationLandscapeLeft UIInterfaceOrientationLandscapeRight";
				LD_RUNPATH_SEARCH_PATHS = (
					"$(inherited)",
					"@executable_path/Frameworks",
				);
				MARKETING_VERSION = 1.0;
				PRODUCT_BUNDLE_IDENTIFIER = com.leeo.PixelMe;
				PRODUCT_NAME = "$(TARGET_NAME)";
				SUPPORTED_PLATFORMS = "iphoneos iphonesimulator";
				SUPPORTS_MACCATALYST = NO;
				SUPPORTS_MAC_DESIGNED_FOR_IPHONE_IPAD = YES;
				SWIFT_EMIT_LOC_STRINGS = YES;
				SWIFT_VERSION = 5.0;
				TARGETED_DEVICE_FAMILY = 1;
			};
			name = Debug;
		};
		58D0125F2A28147D00668585 /* Release */ = {
			isa = XCBuildConfiguration;
			buildSettings = {
				ASSETCATALOG_COMPILER_APPICON_NAME = AppIcon;
				ASSETCATALOG_COMPILER_GLOBAL_ACCENT_COLOR_NAME = AccentColor;
				CODE_SIGN_STYLE = Automatic;
				CURRENT_PROJECT_VERSION = 1;
				DEVELOPMENT_ASSET_PATHS = "\"PixelMe/Preview Content\"";
				DEVELOPMENT_TEAM = QGAQ3AY3R3;
				ENABLE_PREVIEWS = YES;
				GENERATE_INFOPLIST_FILE = YES;
				INFOPLIST_KEY_LSApplicationCategoryType = "public.app-category.lifestyle";
				INFOPLIST_KEY_NSPhotoLibraryAddUsageDescription = "Save image to Photos app";
				INFOPLIST_KEY_UIApplicationSceneManifest_Generation = YES;
				INFOPLIST_KEY_UIApplicationSupportsIndirectInputEvents = YES;
				INFOPLIST_KEY_UILaunchScreen_Generation = YES;
				INFOPLIST_KEY_UISupportedInterfaceOrientations_iPad = "UIInterfaceOrientationPortrait UIInterfaceOrientationPortraitUpsideDown UIInterfaceOrientationLandscapeLeft UIInterfaceOrientationLandscapeRight";
				INFOPLIST_KEY_UISupportedInterfaceOrientations_iPhone = "UIInterfaceOrientationPortrait UIInterfaceOrientationLandscapeLeft UIInterfaceOrientationLandscapeRight";
				LD_RUNPATH_SEARCH_PATHS = (
					"$(inherited)",
					"@executable_path/Frameworks",
				);
				MARKETING_VERSION = 1.0;
				PRODUCT_BUNDLE_IDENTIFIER = com.leeo.PixelMe;
				PRODUCT_NAME = "$(TARGET_NAME)";
				SUPPORTED_PLATFORMS = "iphoneos iphonesimulator";
				SUPPORTS_MACCATALYST = NO;
				SUPPORTS_MAC_DESIGNED_FOR_IPHONE_IPAD = YES;
				SWIFT_EMIT_LOC_STRINGS = YES;
				SWIFT_VERSION = 5.0;
				TARGETED_DEVICE_FAMILY = 1;
			};
			name = Release;
		};
		58D012612A28147D00668585 /* Debug */ = {
			isa = XCBuildConfiguration;
			buildSettings = {
				ALWAYS_EMBED_SWIFT_STANDARD_LIBRARIES = YES;
				BUNDLE_LOADER = "$(TEST_HOST)";
				CODE_SIGN_STYLE = Automatic;
				CURRENT_PROJECT_VERSION = 1;
				DEVELOPMENT_TEAM = QGAQ3AY3R3;
				GENERATE_INFOPLIST_FILE = YES;
				IPHONEOS_DEPLOYMENT_TARGET = 16.4;
				MARKETING_VERSION = 1.0;
				PRODUCT_BUNDLE_IDENTIFIER = com.leeo.PixelMeTests;
				PRODUCT_NAME = "$(TARGET_NAME)";
				SWIFT_EMIT_LOC_STRINGS = NO;
				SWIFT_VERSION = 5.0;
				TARGETED_DEVICE_FAMILY = "1,2";
				TEST_HOST = "$(BUILT_PRODUCTS_DIR)/PixelMe.app/$(BUNDLE_EXECUTABLE_FOLDER_PATH)/PixelMe";
			};
			name = Debug;
		};
		58D012622A28147D00668585 /* Release */ = {
			isa = XCBuildConfiguration;
			buildSettings = {
				ALWAYS_EMBED_SWIFT_STANDARD_LIBRARIES = YES;
				BUNDLE_LOADER = "$(TEST_HOST)";
				CODE_SIGN_STYLE = Automatic;
				CURRENT_PROJECT_VERSION = 1;
				DEVELOPMENT_TEAM = QGAQ3AY3R3;
				GENERATE_INFOPLIST_FILE = YES;
				IPHONEOS_DEPLOYMENT_TARGET = 16.4;
				MARKETING_VERSION = 1.0;
				PRODUCT_BUNDLE_IDENTIFIER = com.leeo.PixelMeTests;
				PRODUCT_NAME = "$(TARGET_NAME)";
				SWIFT_EMIT_LOC_STRINGS = NO;
				SWIFT_VERSION = 5.0;
				TARGETED_DEVICE_FAMILY = "1,2";
				TEST_HOST = "$(BUILT_PRODUCTS_DIR)/PixelMe.app/$(BUNDLE_EXECUTABLE_FOLDER_PATH)/PixelMe";
			};
			name = Release;
		};
		58D012642A28147D00668585 /* Debug */ = {
			isa = XCBuildConfiguration;
			buildSettings = {
				ALWAYS_EMBED_SWIFT_STANDARD_LIBRARIES = YES;
				CODE_SIGN_STYLE = Automatic;
				CURRENT_PROJECT_VERSION = 1;
				DEVELOPMENT_TEAM = QGAQ3AY3R3;
				GENERATE_INFOPLIST_FILE = YES;
				MARKETING_VERSION = 1.0;
				PRODUCT_BUNDLE_IDENTIFIER = com.leeo.PixelMeUITests;
				PRODUCT_NAME = "$(TARGET_NAME)";
				SWIFT_EMIT_LOC_STRINGS = NO;
				SWIFT_VERSION = 5.0;
				TARGETED_DEVICE_FAMILY = "1,2";
				TEST_TARGET_NAME = PixelMe;
			};
			name = Debug;
		};
		58D012652A28147D00668585 /* Release */ = {
			isa = XCBuildConfiguration;
			buildSettings = {
				ALWAYS_EMBED_SWIFT_STANDARD_LIBRARIES = YES;
				CODE_SIGN_STYLE = Automatic;
				CURRENT_PROJECT_VERSION = 1;
				DEVELOPMENT_TEAM = QGAQ3AY3R3;
				GENERATE_INFOPLIST_FILE = YES;
				MARKETING_VERSION = 1.0;
				PRODUCT_BUNDLE_IDENTIFIER = com.leeo.PixelMeUITests;
				PRODUCT_NAME = "$(TARGET_NAME)";
				SWIFT_EMIT_LOC_STRINGS = NO;
				SWIFT_VERSION = 5.0;
				TARGETED_DEVICE_FAMILY = "1,2";
				TEST_TARGET_NAME = PixelMe;
			};
			name = Release;
		};
/* End XCBuildConfiguration section */

/* Begin XCConfigurationList section */
		58D012342A28147A00668585 /* Build configuration list for PBXProject "PixelMe" */ = {
			isa = XCConfigurationList;
			buildConfigurations = (
				58D0125B2A28147D00668585 /* Debug */,
				58D0125C2A28147D00668585 /* Release */,
			);
			defaultConfigurationIsVisible = 0;
			defaultConfigurationName = Release;
		};
		58D0125D2A28147D00668585 /* Build configuration list for PBXNativeTarget "PixelMe" */ = {
			isa = XCConfigurationList;
			buildConfigurations = (
				58D0125E2A28147D00668585 /* Debug */,
				58D0125F2A28147D00668585 /* Release */,
			);
			defaultConfigurationIsVisible = 0;
			defaultConfigurationName = Release;
		};
		58D012602A28147D00668585 /* Build configuration list for PBXNativeTarget "PixelMeTests" */ = {
			isa = XCConfigurationList;
			buildConfigurations = (
				58D012612A28147D00668585 /* Debug */,
				58D012622A28147D00668585 /* Release */,
			);
			defaultConfigurationIsVisible = 0;
			defaultConfigurationName = Release;
		};
		58D012632A28147D00668585 /* Build configuration list for PBXNativeTarget "PixelMeUITests" */ = {
			isa = XCConfigurationList;
			buildConfigurations = (
				58D012642A28147D00668585 /* Debug */,
				58D012652A28147D00668585 /* Release */,
			);
			defaultConfigurationIsVisible = 0;
			defaultConfigurationName = Release;
		};
/* End XCConfigurationList section */
	};
	rootObject = 58D012312A28147A00668585 /* Project object */;
}
